
Microsoft Visual Studio Solution File, Format Version 12.00
# Visual Studio Version 17
VisualStudioVersion = 17.9.34622.214
MinimumVisualStudioVersion = 10.0.40219.1
Project("{FAE04EC0-301F-11D3-BF4B-00C04F79EFBC}") = "WindowsFormsApp1", "WindowsFormsApp1\WindowsFormsApp1.csproj", "{45EDE628-1686-45BF-8FF8-360D9BA66D74}"
EndProject
Global
	GlobalSection(SolutionConfigurationPlatforms) = preSolution
		Debug|Any CPU = Debug|Any CPU
		Release|Any CPU = Release|Any CPU
	EndGlobalSection
	GlobalSection(ProjectConfigurationPlatforms) = postSolution
		{45EDE628-1686-45BF-8FF8-360D9BA66D74}.Debug|Any CPU.ActiveCfg = Debug|Any CPU
		{45EDE628-1686-45BF-8FF8-360D9BA66D74}.Debug|Any CPU.Build.0 = Debug|Any CPU
		{45EDE628-1686-45BF-8FF8-360D9BA66D74}.Release|Any CPU.ActiveCfg = Release|Any CPU
		{45EDE628-1686-45BF-8FF8-360D9BA66D74}.Release|Any CPU.Build.0 = Release|Any CPU
	EndGlobalSection
	GlobalSection(SolutionProperties) = preSolution
		HideSolutionNode = FALSE
	EndGlobalSection
	GlobalSection(ExtensibilityGlobals) = postSolution
		SolutionGuid = {A70C9952-D23E-4330-B231-8C6243D4DA88}
	EndGlobalSection
EndGlobal
